
Microsoft Visual Studio Solution File, Format Version 12.00
# Visual Studio Version 17
VisualStudioVersion = 17.11.35312.102
MinimumVisualStudioVersion = 10.0.40219.1
Project("{FAE04EC0-301F-11D3-BF4B-00C04F79EFBC}") = "FrmHamburgueseria", "FrmHamburgueseria\FrmHamburgueseria.csproj", "{6E2D8023-0EDE-4635-B038-C7A20EF2A0F7}"
EndProject
Global
	GlobalSection(SolutionConfigurationPlatforms) = preSolution
		Debug|Any CPU = Debug|Any CPU
		Release|Any CPU = Release|Any CPU
	EndGlobalSection
	GlobalSection(ProjectConfigurationPlatforms) = postSolution
		{6E2D8023-0EDE-4635-B038-C7A20EF2A0F7}.Debug|Any CPU.ActiveCfg = Debug|Any CPU
		{6E2D8023-0EDE-4635-B038-C7A20EF2A0F7}.Debug|Any CPU.Build.0 = Debug|Any CPU
		{6E2D8023-0EDE-4635-B038-C7A20EF2A0F7}.Release|Any CPU.ActiveCfg = Release|Any CPU
		{6E2D8023-0EDE-4635-B038-C7A20EF2A0F7}.Release|Any CPU.Build.0 = Release|Any CPU
	EndGlobalSection
	GlobalSection(SolutionProperties) = preSolution
		HideSolutionNode = FALSE
	EndGlobalSection
	GlobalSection(ExtensibilityGlobals) = postSolution
		SolutionGuid = {F9DDAAEB-DCA3-439F-A79A-8C5F96792375}
	EndGlobalSection
EndGlobal
