
Microsoft Visual Studio Solution File, Format Version 12.00
# Visual Studio Version 17
VisualStudioVersion = 17.11.35327.3
MinimumVisualStudioVersion = 10.0.40219.1
Project("{FAE04EC0-301F-11D3-BF4B-00C04F79EFBC}") = "CadHamburgueseria", "CadHamburgueseria\CadHamburgueseria.csproj", "{31FF9178-F5A3-440C-A7B7-0202C0EFDCE5}"
EndProject
Project("{FAE04EC0-301F-11D3-BF4B-00C04F79EFBC}") = "ClnHamburgueseria", "ClnHamburgueseria\ClnHamburgueseria.csproj", "{0F501B44-621F-4A14-B6CB-B178BA0B0A6D}"
EndProject
Project("{FAE04EC0-301F-11D3-BF4B-00C04F79EFBC}") = "CpHamburgueseria", "CpHamburgueseria\CpHamburgueseria.csproj", "{41A86D35-83E3-4CB2-9E8E-A50C77CFB61D}"
EndProject
Project("{FAE04EC0-301F-11D3-BF4B-00C04F79EFBC}") = "WebHamburgueseria", "WebHamburgueseria\WebHamburgueseria.csproj", "{4E1B4390-5992-472E-B94A-11FF73436E02}"
EndProject
Global
	GlobalSection(SolutionConfigurationPlatforms) = preSolution
		Debug|Any CPU = Debug|Any CPU
		Release|Any CPU = Release|Any CPU
	EndGlobalSection
	GlobalSection(ProjectConfigurationPlatforms) = postSolution
		{31FF9178-F5A3-440C-A7B7-0202C0EFDCE5}.Debug|Any CPU.ActiveCfg = Debug|Any CPU
		{31FF9178-F5A3-440C-A7B7-0202C0EFDCE5}.Debug|Any CPU.Build.0 = Debug|Any CPU
		{31FF9178-F5A3-440C-A7B7-0202C0EFDCE5}.Release|Any CPU.ActiveCfg = Release|Any CPU
		{31FF9178-F5A3-440C-A7B7-0202C0EFDCE5}.Release|Any CPU.Build.0 = Release|Any CPU
		{0F501B44-621F-4A14-B6CB-B178BA0B0A6D}.Debug|Any CPU.ActiveCfg = Debug|Any CPU
		{0F501B44-621F-4A14-B6CB-B178BA0B0A6D}.Debug|Any CPU.Build.0 = Debug|Any CPU
		{0F501B44-621F-4A14-B6CB-B178BA0B0A6D}.Release|Any CPU.ActiveCfg = Release|Any CPU
		{0F501B44-621F-4A14-B6CB-B178BA0B0A6D}.Release|Any CPU.Build.0 = Release|Any CPU
		{41A86D35-83E3-4CB2-9E8E-A50C77CFB61D}.Debug|Any CPU.ActiveCfg = Debug|Any CPU
		{41A86D35-83E3-4CB2-9E8E-A50C77CFB61D}.Debug|Any CPU.Build.0 = Debug|Any CPU
		{41A86D35-83E3-4CB2-9E8E-A50C77CFB61D}.Release|Any CPU.ActiveCfg = Release|Any CPU
		{41A86D35-83E3-4CB2-9E8E-A50C77CFB61D}.Release|Any CPU.Build.0 = Release|Any CPU
		{4E1B4390-5992-472E-B94A-11FF73436E02}.Debug|Any CPU.ActiveCfg = Debug|Any CPU
		{4E1B4390-5992-472E-B94A-11FF73436E02}.Debug|Any CPU.Build.0 = Debug|Any CPU
		{4E1B4390-5992-472E-B94A-11FF73436E02}.Release|Any CPU.ActiveCfg = Release|Any CPU
		{4E1B4390-5992-472E-B94A-11FF73436E02}.Release|Any CPU.Build.0 = Release|Any CPU
	EndGlobalSection
	GlobalSection(SolutionProperties) = preSolution
		HideSolutionNode = FALSE
	EndGlobalSection
	GlobalSection(ExtensibilityGlobals) = postSolution
		SolutionGuid = {D118D58A-8C23-4128-9136-C57D97230298}
	EndGlobalSection
EndGlobal
